// !$*UTF8*$!
{
	archiveVersion = 1;
	classes = {
	};
	objectVersion = 39;
	objects = {
		AB2B5C4A08E695A800899067 = {
			children = (
				AB8F5E5C0946A65600C29D38,
				AB2B5D2808E69A5200899067,
				AB2B5C9C08E6980700899067,
				AB2B5C5408E695C700899067,
				AB2B5C9E08E6981800899067,
				AB2B5CA008E6983A00899067,
				AB2B5CA208E6984E00899067,
				AB2B5C6108E695EA00899067,
			);
			isa = PBXGroup;
			refType = 4;
			sourceTree = "<group>";
		};
		AB2B5C4C08E695A800899067 = {
			buildSettings = {
				COPY_PHASE_STRIP = NO;
				GCC_OPTIMIZATION_LEVEL = 0;
			};
			isa = PBXBuildStyle;
			name = Development;
		};
		AB2B5C4D08E695A800899067 = {
			buildSettings = {
				COPY_PHASE_STRIP = YES;
				DEPLOYMENT_POSTPROCESSING = YES;
				GCC_OPTIMIZATION_LEVEL = 2;
			};
			isa = PBXBuildStyle;
			name = Deployment;
		};
		AB2B5C4E08E695A800899067 = {
			buildSettings = {
			};
			buildStyles = (
				AB2B5C4C08E695A800899067,
				ABB47F12093B0E0E005B3150,
				AB2B5C4D08E695A800899067,
			);
			hasScannedForEncodings = 0;
			isa = PBXProject;
			mainGroup = AB2B5C4A08E695A800899067;
			productRefGroup = AB2B5C6108E695EA00899067;
			projectDirPath = "";
			projectReferences = (
				{
					ProductGroup = AB2B5C5708E695C800899067;
					ProjectRef = AB2B5C5408E695C700899067;
				},
			);
			targets = (
				AB2B5D8B08E6AEB200899067,
				AB2B5C5F08E695EA00899067,
				AB2B5D8708E6AE1D00899067,
			);
		};
		AB2B5C5408E695C700899067 = {
			isa = PBXFileReference;
			lastKnownFileType = "wrapper.pb-project";
			name = engine.xcode;
			path = ../../build/osx/engine/engine.xcode;
			refType = 2;
			sourceTree = SOURCE_ROOT;
		};
		AB2B5C5708E695C800899067 = {
			children = (
				AB2B5C5808E695C800899067,
				AB2B5C5908E695C800899067,
				AB2B5C9808E697AB00899067,
			);
			isa = PBXGroup;
			name = Products;
			refType = 4;
			sourceTree = "<group>";
		};
		AB2B5C5808E695C800899067 = {
			fileType = archive.ar;
			isa = PBXReferenceProxy;
			path = libengine.a;
			refType = 3;
			remoteRef = AB2B5C5A08E695E700899067;
			sourceTree = BUILT_PRODUCTS_DIR;
		};
		AB2B5C5908E695C800899067 = {
			fileType = archive.ar;
			isa = PBXReferenceProxy;
			path = libeditor.a;
			refType = 3;
			remoteRef = AB2B5C5B08E695E700899067;
			sourceTree = BUILT_PRODUCTS_DIR;
		};
		AB2B5C5A08E695E700899067 = {
			containerPortal = AB2B5C5408E695C700899067;
			isa = PBXContainerItemProxy;
			proxyType = 2;
			remoteGlobalIDString = AB3AF5F508DEDABE00C0AA42;
			remoteInfo = engine;
		};
		AB2B5C5B08E695E700899067 = {
			containerPortal = AB2B5C5408E695C700899067;
			isa = PBXContainerItemProxy;
			proxyType = 2;
			remoteGlobalIDString = AB3AF9DE08DEE2CF00C0AA42;
			remoteInfo = editor;
		};
		AB2B5C5C08E695EA00899067 = {
			buildActionMask = 2147483647;
			files = (
				AB2B5D7808E6A65C00899067,
			);
			isa = PBXResourcesBuildPhase;
			runOnlyForDeploymentPostprocessing = 0;
		};
		AB2B5C5D08E695EA00899067 = {
			buildActionMask = 2147483647;
			files = (
				AB2B5CAB08E6989300899067,
				AB2B5CAC08E6989300899067,
				AB2B5CAD08E6989300899067,
				AB2B5CAE08E6989300899067,
				AB2B5CAF08E6989300899067,
				AB2B5CB108E698D900899067,
				AB2B5CB308E698E800899067,
			);
			isa = PBXSourcesBuildPhase;
			runOnlyForDeploymentPostprocessing = 0;
		};
		AB2B5C5E08E695EA00899067 = {
			buildActionMask = 2147483647;
			files = (
				AB2B5C9D08E6980700899067,
				AB2B5CDA08E6997500899067,
				AB2B5CDC08E6997700899067,
				AB2B5CDD08E6997800899067,
				AB2B5D2908E69A5200899067,
			);
			isa = PBXFrameworksBuildPhase;
			runOnlyForDeploymentPostprocessing = 0;
		};
		AB2B5C5F08E695EA00899067 = {
			buildPhases = (
				AB2B5C5C08E695EA00899067,
				AB2B5C5D08E695EA00899067,
				AB2B5C5E08E695EA00899067,
			);
			buildRules = (
			);
			buildSettings = {
				GCC_CHAR_IS_UNSIGNED_CHAR = YES;
				GCC_ENABLE_CPP_EXCEPTIONS = NO;
				GCC_ENABLE_CPP_RTTI = NO;
				GCC_PREPROCESSOR_DEFINITIONS = "SUPERBUILD POLYMOST USE_OPENGL DYNAMIC_OPENGL NOASM USE_A_C RENDERTYPESDL=1";
				HEADER_SEARCH_PATHS = "../../build/include ../source ../source/jmact /Library/Frameworks/SDL.framework/Headers";
				INFOPLIST_FILE = "editor-Info.plist";
				INSTALL_PATH = "$(USER_APPS_DIR)";
				LIBRARY_SEARCH_PATHS = ../../build/osx/engine/build;
				OTHER_CFLAGS = "";
				OTHER_LDFLAGS = "";
				OTHER_REZFLAGS = "";
				PRODUCT_NAME = build;
				SECTORDER_FLAGS = "";
				WARNING_CFLAGS = "-Wno-four-char-constants -Wno-unknown-pragmas";
			};
			dependencies = (
				AB2B5CE108E69A1300899067,
				AB2B5CE308E69A1300899067,
			);
			isa = PBXNativeTarget;
			name = editor;
			productName = editor;
			productReference = AB2B5C6008E695EA00899067;
			productSettingsXML = "<?xml version=\"1.0\" encoding=\"UTF-8\"?>
<!DOCTYPE plist PUBLIC \"-//Apple Computer//DTD PLIST 1.0//EN\" \"http://www.apple.com/DTDs/PropertyList-1.0.dtd\">
<plist version=\"1.0\">
<dict>
	<key>CFBundleDevelopmentRegion</key>
	<string>English</string>
	<key>CFBundleExecutable</key>
	<string>editor</string>
	<key>CFBundleIdentifier</key>
	<string>com.yourcompany.editor</string>
	<key>CFBundleInfoDictionaryVersion</key>
	<string>6.0</string>
	<key>CFBundlePackageType</key>
	<string>APPL</string>
	<key>CFBundleSignature</key>
	<string>????</string>
	<key>CFBundleVersion</key>
	<string>1.0</string>
	<key>NSMainNibFile</key>
	<string>MainMenu</string>
	<key>NSPrincipalClass</key>
	<string>NSApplication</string>
</dict>
</plist>
";
			productType = "com.apple.product-type.application";
		};
		AB2B5C6008E695EA00899067 = {
			explicitFileType = wrapper.application;
			includeInIndex = 0;
			isa = PBXFileReference;
			path = build.app;
			refType = 3;
			sourceTree = BUILT_PRODUCTS_DIR;
		};
		AB2B5C6108E695EA00899067 = {
			children = (
				AB2B5C6008E695EA00899067,
				AB2B5D8808E6AE1D00899067,
			);
			isa = PBXGroup;
			name = Products;
			refType = 4;
			sourceTree = "<group>";
		};
		AB2B5C6308E695EA00899067 = {
			isa = PBXFileReference;
			lastKnownFileType = text.xml;
			path = "editor-Info.plist";
			refType = 2;
			sourceTree = SOURCE_ROOT;
		};
		AB2B5C9808E697AB00899067 = {
			fileType = archive.ar;
			isa = PBXReferenceProxy;
			path = libenginez.a;
			refType = 3;
			remoteRef = AB2B5C9908E697C900899067;
			sourceTree = BUILT_PRODUCTS_DIR;
		};
		AB2B5C9908E697C900899067 = {
			containerPortal = AB2B5C5408E695C700899067;
			isa = PBXContainerItemProxy;
			proxyType = 2;
			remoteGlobalIDString = AB2B5C9708E6979600899067;
			remoteInfo = "engine copy";
		};
		AB2B5C9C08E6980700899067 = {
			isa = PBXFileReference;
			lastKnownFileType = archive.ar;
			name = libenginez.a;
			path = ../../build/osx/engine/build/libenginez.a;
			refType = 2;
			sourceTree = SOURCE_ROOT;
		};
		AB2B5C9D08E6980700899067 = {
			fileRef = AB2B5C9C08E6980700899067;
			isa = PBXBuildFile;
			settings = {
			};
		};
		AB2B5C9E08E6981800899067 = {
			children = (
				AB2B5C9F08E6982500899067,
				AB2B5C6308E695EA00899067,
			);
			isa = PBXGroup;
			name = Editor;
			refType = 4;
			sourceTree = "<group>";
		};
		AB2B5C9F08E6982500899067 = {
			children = (
				AB2B5CB208E698E800899067,
				AB2B5CB008E698D900899067,
				AB2B5CA608E6989300899067,
				AB2B5CA708E6989300899067,
				AB2B5CA908E6989300899067,
				AB2B5CAA08E6989300899067,
			);
			isa = PBXGroup;
			name = Sources;
			refType = 4;
			sourceTree = "<group>";
		};
		AB2B5CA008E6983A00899067 = {
			children = (
				AB2B5D7708E6A65200899067,
				AB2B5CA108E6984400899067,
				AB2B5D8A08E6AE1D00899067,
			);
			isa = PBXGroup;
			name = Game;
			refType = 4;
			sourceTree = "<group>";
		};
		AB2B5CA108E6984400899067 = {
			children = (
				AB2B5E5C08E6B13C00899067,
				AB2B5E5A08E6B11000899067,
				AB2B5E3008E6B01600899067,
				AB2B5E1E08E6AFB000899067,
				AB2B5D9208E6AF9300899067,
				AB2B5D9308E6AF9300899067,
				AB2B5D9408E6AF9300899067,
				AB2B5D9508E6AF9300899067,
				AB2B5D9608E6AF9300899067,
				AB2B5D9708E6AF9300899067,
				AB2B5D9808E6AF9300899067,
				AB2B5D9908E6AF9300899067,
				AB2B5D9A08E6AF9300899067,
				AB2B5CA808E6989300899067,
				AB2B5D9B08E6AF9300899067,
				AB2B5D9C08E6AF9300899067,
				AB2B5D9D08E6AF9300899067,
				AB2B5D9E08E6AF9300899067,
				AB2B5D9F08E6AF9300899067,
				AB2B5DA008E6AF9300899067,
				AB2B5DA108E6AF9300899067,
				AB2B5DA208E6AF9300899067,
				AB2B5DA308E6AF9300899067,
				AB2B5DA408E6AF9300899067,
				AB2B5DA508E6AF9300899067,
				AB2B5DA608E6AF9300899067,
				AB2B5DA708E6AF9300899067,
				AB2B5DA808E6AF9300899067,
				AB2B5DA908E6AF9300899067,
				AB2B5DAA08E6AF9300899067,
				AB2B5DAB08E6AF9300899067,
				AB2B5DAC08E6AF9300899067,
				AB2B5DAD08E6AF9300899067,
				AB2B5DAE08E6AF9300899067,
				AB2B5DAF08E6AF9300899067,
				AB2B5DB008E6AF9300899067,
				AB2B5DB108E6AF9300899067,
				AB2B5DB208E6AF9300899067,
				AB2B5DB308E6AF9300899067,
				AB2B5DB408E6AF9300899067,
				AB2B5DB508E6AF9300899067,
				AB2B5DB608E6AF9300899067,
				AB2B5DB708E6AF9300899067,
				AB2B5DB808E6AF9300899067,
				AB2B5DB908E6AF9300899067,
				AB2B5DBA08E6AF9300899067,
				AB2B5DBB08E6AF9300899067,
				AB2B5DBC08E6AF9300899067,
				AB2B5DBD08E6AF9300899067,
				AB2B5DBE08E6AF9300899067,
				AB2B5DBF08E6AF9300899067,
				AB2B5DC008E6AF9300899067,
				AB2B5DC108E6AF9300899067,
				AB2B5DC208E6AF9300899067,
				AB2B5DC308E6AF9300899067,
				AB2B5DC408E6AF9300899067,
				AB2B5DC508E6AF9300899067,
				AB2B5DC608E6AF9300899067,
				AB2B5DC708E6AF9300899067,
				AB2B5DC808E6AF9300899067,
				AB2B5DC908E6AF9300899067,
				AB2B5DCA08E6AF9300899067,
				AB2B5DCB08E6AF9300899067,
				AB2B5DCC08E6AF9300899067,
				AB2B5DCD08E6AF9300899067,
				AB2B5DCE08E6AF9300899067,
				AB2B5DCF08E6AF9300899067,
				AB2B5DD008E6AF9300899067,
				AB2B5DD108E6AF9300899067,
				AB2B5DD208E6AF9300899067,
				AB2B5DD308E6AF9300899067,
				AB2B5DD408E6AF9300899067,
				AB2B5DD508E6AF9300899067,
				AB2B5DD608E6AF9300899067,
				AB2B5DD708E6AF9300899067,
			);
			isa = PBXGroup;
			name = Sources;
			refType = 4;
			sourceTree = "<group>";
		};
		AB2B5CA208E6984E00899067 = {
			children = (
				AB2B5CBB08E6996F00899067,
				AB2B5CB908E6995400899067,
				AB2B5CBA08E6995400899067,
			);
			isa = PBXGroup;
			name = Frameworks;
			refType = 4;
			sourceTree = "<group>";
		};
		AB2B5CA608E6989300899067 = {
			fileEncoding = 30;
			isa = PBXFileReference;
			lastKnownFileType = sourcecode.c.c;
			name = bldscript.c;
			path = ../source/bldscript.c;
			refType = 2;
			sourceTree = SOURCE_ROOT;
		};
		AB2B5CA708E6989300899067 = {
			fileEncoding = 30;
			isa = PBXFileReference;
			lastKnownFileType = sourcecode.c.c;
			name = brooms.c;
			path = ../source/brooms.c;
			refType = 2;
			sourceTree = SOURCE_ROOT;
		};
		AB2B5CA808E6989300899067 = {
			fileEncoding = 30;
			isa = PBXFileReference;
			lastKnownFileType = sourcecode.c.c;
			name = colormap.c;
			path = ../source/colormap.c;
			refType = 2;
			sourceTree = SOURCE_ROOT;
		};
		AB2B5CA908E6989300899067 = {
			fileEncoding = 30;
			isa = PBXFileReference;
			lastKnownFileType = sourcecode.c.c;
			name = jbhlp.c;
			path = ../source/jbhlp.c;
			refType = 2;
			sourceTree = SOURCE_ROOT;
		};
		AB2B5CAA08E6989300899067 = {
			fileEncoding = 30;
			isa = PBXFileReference;
			lastKnownFileType = sourcecode.c.c;
			name = jnstub.c;
			path = ../source/jnstub.c;
			refType = 2;
			sourceTree = SOURCE_ROOT;
		};
		AB2B5CAB08E6989300899067 = {
			fileRef = AB2B5CA608E6989300899067;
			isa = PBXBuildFile;
			settings = {
			};
		};
		AB2B5CAC08E6989300899067 = {
			fileRef = AB2B5CA708E6989300899067;
			isa = PBXBuildFile;
			settings = {
			};
		};
		AB2B5CAD08E6989300899067 = {
			fileRef = AB2B5CA808E6989300899067;
			isa = PBXBuildFile;
			settings = {
			};
		};
		AB2B5CAE08E6989300899067 = {
			fileRef = AB2B5CA908E6989300899067;
			isa = PBXBuildFile;
			settings = {
			};
		};
		AB2B5CAF08E6989300899067 = {
			fileRef = AB2B5CAA08E6989300899067;
			isa = PBXBuildFile;
			settings = {
			};
		};
		AB2B5CB008E698D900899067 = {
			fileEncoding = 30;
			isa = PBXFileReference;
			lastKnownFileType = sourcecode.c.c;
			name = build_icon.c;
			path = ../rsrc/build_icon.c;
			refType = 2;
			sourceTree = SOURCE_ROOT;
		};
		AB2B5CB108E698D900899067 = {
			fileRef = AB2B5CB008E698D900899067;
			isa = PBXBuildFile;
			settings = {
			};
		};
		AB2B5CB208E698E800899067 = {
			fileEncoding = 30;
			isa = PBXFileReference;
			lastKnownFileType = sourcecode.c.objc;
			path = build.osxmain.m;
			refType = 2;
			sourceTree = SOURCE_ROOT;
		};
		AB2B5CB308E698E800899067 = {
			fileRef = AB2B5CB208E698E800899067;
			isa = PBXBuildFile;
			settings = {
			};
		};
		AB2B5CB908E6995400899067 = {
			isa = PBXFileReference;
			lastKnownFileType = wrapper.framework;
			name = AppKit.framework;
			path = ../../../../../System/Library/Frameworks/AppKit.framework;
			refType = 2;
			sourceTree = SOURCE_ROOT;
		};
		AB2B5CBA08E6995400899067 = {
			isa = PBXFileReference;
			lastKnownFileType = wrapper.framework;
			name = OpenGL.framework;
			path = ../../../../../System/Library/Frameworks/OpenGL.framework;
			refType = 2;
			sourceTree = SOURCE_ROOT;
		};
		AB2B5CBB08E6996F00899067 = {
			isa = PBXFileReference;
			lastKnownFileType = wrapper.framework;
			name = SDL.framework;
			path = ../../../../../Library/Frameworks/SDL.framework;
			refType = 2;
			sourceTree = SOURCE_ROOT;
		};
		AB2B5CDA08E6997500899067 = {
			fileRef = AB2B5CB908E6995400899067;
			isa = PBXBuildFile;
			settings = {
			};
		};
		AB2B5CDC08E6997700899067 = {
			fileRef = AB2B5CBB08E6996F00899067;
			isa = PBXBuildFile;
			settings = {
			};
		};
		AB2B5CDD08E6997800899067 = {
			fileRef = AB2B5CBA08E6995400899067;
			isa = PBXBuildFile;
			settings = {
			};
		};
		AB2B5CE008E69A1300899067 = {
			containerPortal = AB2B5C5408E695C700899067;
			isa = PBXContainerItemProxy;
			proxyType = 1;
			remoteGlobalIDString = AB3AF9DD08DEE2CF00C0AA42;
			remoteInfo = editor;
		};
		AB2B5CE108E69A1300899067 = {
			isa = PBXTargetDependency;
			name = "editor (from engine.xcode)";
			targetProxy = AB2B5CE008E69A1300899067;
		};
		AB2B5CE208E69A1300899067 = {
			containerPortal = AB2B5C5408E695C700899067;
			isa = PBXContainerItemProxy;
			proxyType = 1;
			remoteGlobalIDString = AB2B5C7308E6979600899067;
			remoteInfo = enginez;
		};
		AB2B5CE308E69A1300899067 = {
			isa = PBXTargetDependency;
			name = "enginez (from engine.xcode)";
			targetProxy = AB2B5CE208E69A1300899067;
		};
		AB2B5D2808E69A5200899067 = {
			isa = PBXFileReference;
			lastKnownFileType = archive.ar;
			name = libeditor.a;
			path = ../../build/osx/engine/build/libeditor.a;
			refType = 2;
			sourceTree = SOURCE_ROOT;
		};
		AB2B5D2908E69A5200899067 = {
			fileRef = AB2B5D2808E69A5200899067;
			isa = PBXBuildFile;
			settings = {
			};
		};
		AB2B5D7708E6A65200899067 = {
			isa = PBXFileReference;
			lastKnownFileType = wrapper.nib;
			path = osxmain.nib;
			refType = 2;
			sourceTree = SOURCE_ROOT;
		};
		AB2B5D7808E6A65C00899067 = {
			fileRef = AB2B5D7708E6A65200899067;
			isa = PBXBuildFile;
			settings = {
			};
		};
		AB2B5D8408E6AE1D00899067 = {
			buildActionMask = 2147483647;
			files = (
				AB2B5E5F08E6B16500899067,
				AB8F5E5D0946A65600C29D38,
			);
			isa = PBXResourcesBuildPhase;
			runOnlyForDeploymentPostprocessing = 0;
		};
		AB2B5D8508E6AE1D00899067 = {
			buildActionMask = 2147483647;
			files = (
				AB2B5DD808E6AF9300899067,
				AB2B5DD908E6AF9300899067,
				AB2B5DDA08E6AF9300899067,
				AB2B5DDB08E6AF9300899067,
				AB2B5DDC08E6AF9300899067,
				AB2B5DDD08E6AF9300899067,
				AB2B5DDE08E6AF9300899067,
				AB2B5DDF08E6AF9300899067,
				AB2B5DE008E6AF9300899067,
				AB2B5DE108E6AF9300899067,
				AB2B5DE208E6AF9300899067,
				AB2B5DE308E6AF9300899067,
				AB2B5DE408E6AF9300899067,
				AB2B5DE508E6AF9300899067,
				AB2B5DE608E6AF9300899067,
				AB2B5DE708E6AF9300899067,
				AB2B5DE808E6AF9300899067,
				AB2B5DE908E6AF9300899067,
				AB2B5DEA08E6AF9300899067,
				AB2B5DEB08E6AF9300899067,
				AB2B5DEC08E6AF9300899067,
				AB2B5DED08E6AF9300899067,
				AB2B5DEE08E6AF9300899067,
				AB2B5DEF08E6AF9300899067,
				AB2B5DF008E6AF9300899067,
				AB2B5DF108E6AF9300899067,
				AB2B5DF208E6AF9300899067,
				AB2B5DF308E6AF9300899067,
				AB2B5DF408E6AF9300899067,
				AB2B5DF508E6AF9300899067,
				AB2B5DF608E6AF9300899067,
				AB2B5DF708E6AF9300899067,
				AB2B5DF808E6AF9300899067,
				AB2B5DF908E6AF9300899067,
				AB2B5DFA08E6AF9300899067,
				AB2B5DFB08E6AF9300899067,
				AB2B5DFC08E6AF9300899067,
				AB2B5DFD08E6AF9300899067,
				AB2B5DFE08E6AF9300899067,
				AB2B5DFF08E6AF9300899067,
				AB2B5E0008E6AF9300899067,
				AB2B5E0108E6AF9300899067,
				AB2B5E0208E6AF9300899067,
				AB2B5E0308E6AF9300899067,
				AB2B5E0408E6AF9300899067,
				AB2B5E0508E6AF9300899067,
				AB2B5E0608E6AF9300899067,
				AB2B5E0708E6AF9300899067,
				AB2B5E0808E6AF9300899067,
				AB2B5E0908E6AF9300899067,
				AB2B5E0A08E6AF9300899067,
				AB2B5E0B08E6AF9300899067,
				AB2B5E0C08E6AF9300899067,
				AB2B5E0D08E6AF9300899067,
				AB2B5E0E08E6AF9300899067,
				AB2B5E0F08E6AF9300899067,
				AB2B5E1008E6AF9300899067,
				AB2B5E1108E6AF9300899067,
				AB2B5E1208E6AF9300899067,
				AB2B5E1308E6AF9300899067,
				AB2B5E1408E6AF9300899067,
				AB2B5E1508E6AF9300899067,
				AB2B5E1608E6AF9300899067,
				AB2B5E1708E6AF9300899067,
				AB2B5E1808E6AF9300899067,
				AB2B5E1908E6AF9300899067,
				AB2B5E1A08E6AF9300899067,
				AB2B5E1B08E6AF9300899067,
				AB2B5E1C08E6AF9300899067,
				AB2B5E1D08E6AF9300899067,
				AB2B5E1F08E6AFC700899067,
				AB2B5E2808E6B00400899067,
				AB2B5E2908E6B00400899067,
				AB2B5E2A08E6B00400899067,
				AB2B5E2B08E6B00400899067,
				AB2B5E2C08E6B00400899067,
				AB2B5E2D08E6B00400899067,
				AB2B5E2E08E6B00400899067,
				AB2B5E2F08E6B00400899067,
				AB2B5E3308E6B03400899067,
				AB2B5E3408E6B03400899067,
				AB2B5E5B08E6B11000899067,
				AB2B5E5D08E6B13C00899067,
			);
			isa = PBXSourcesBuildPhase;
			runOnlyForDeploymentPostprocessing = 0;
		};
		AB2B5D8608E6AE1D00899067 = {
			buildActionMask = 2147483647;
			files = (
				AB2B5D9108E6AED800899067,
				AB2B5E5708E6B0F800899067,
				AB2B5E5808E6B0F800899067,
				AB2B5E5908E6B0F900899067,
			);
			isa = PBXFrameworksBuildPhase;
			runOnlyForDeploymentPostprocessing = 0;
		};
		AB2B5D8708E6AE1D00899067 = {
			buildPhases = (
				AB2B5D8408E6AE1D00899067,
				AB2B5D8508E6AE1D00899067,
				AB2B5D8608E6AE1D00899067,
			);
			buildRules = (
			);
			buildSettings = {
				GCC_CHAR_IS_UNSIGNED_CHAR = YES;
				GCC_ENABLE_CPP_EXCEPTIONS = NO;
				GCC_ENABLE_CPP_RTTI = NO;
				GCC_PREPROCESSOR_DEFINITIONS = "SUPERBUILD POLYMOST USE_OPENGL DYNAMIC_OPENGL NOASM USE_A_C RENDERTYPESDL=1";
				HEADER_SEARCH_PATHS = "../../build/include ../source ../source/jaudiolib ../source/jmact /Library/Frameworks/SDL.framework/Headers";
				INFOPLIST_FILE = "game-Info.plist";
				INSTALL_PATH = "$(USER_APPS_DIR)";
				LIBRARY_SEARCH_PATHS = ../../build/osx/engine/build;
				OTHER_CFLAGS = "";
				OTHER_LDFLAGS = "";
				OTHER_REZFLAGS = "";
				PRODUCT_NAME = JFShadowWarrior;
				SECTORDER_FLAGS = "";
				WARNING_CFLAGS = "-Wno-four-char-constants -Wno-unknown-pragmas";
			};
			dependencies = (
				ABCD472608E6BBC5002DC42F,
			);
			isa = PBXNativeTarget;
			name = game;
			productName = game;
			productReference = AB2B5D8808E6AE1D00899067;
			productSettingsXML = "<?xml version=\"1.0\" encoding=\"UTF-8\"?>
<!DOCTYPE plist PUBLIC \"-//Apple Computer//DTD PLIST 1.0//EN\" \"http://www.apple.com/DTDs/PropertyList-1.0.dtd\">
<plist version=\"1.0\">
<dict>
	<key>CFBundleDevelopmentRegion</key>
	<string>English</string>
	<key>CFBundleExecutable</key>
	<string>game</string>
	<key>CFBundleIdentifier</key>
	<string>com.yourcompany.game</string>
	<key>CFBundleInfoDictionaryVersion</key>
	<string>6.0</string>
	<key>CFBundlePackageType</key>
	<string>APPL</string>
	<key>CFBundleSignature</key>
	<string>????</string>
	<key>CFBundleVersion</key>
	<string>1.0</string>
	<key>NSMainNibFile</key>
	<string>MainMenu</string>
	<key>NSPrincipalClass</key>
	<string>NSApplication</string>
</dict>
</plist>
";
			productType = "com.apple.product-type.application";
		};
		AB2B5D8808E6AE1D00899067 = {
			explicitFileType = wrapper.application;
			includeInIndex = 0;
			isa = PBXFileReference;
			path = JFShadowWarrior.app;
			refType = 3;
			sourceTree = BUILT_PRODUCTS_DIR;
		};
		AB2B5D8A08E6AE1D00899067 = {
			isa = PBXFileReference;
			lastKnownFileType = text.xml;
			path = "game-Info.plist";
			refType = 2;
			sourceTree = SOURCE_ROOT;
		};
		AB2B5D8B08E6AEB200899067 = {
			buildPhases = (
			);
			buildSettings = {
				OTHER_CFLAGS = "";
				OTHER_LDFLAGS = "";
				OTHER_REZFLAGS = "";
				PRODUCT_NAME = All;
				SECTORDER_FLAGS = "";
				WARNING_CFLAGS = "-Wmost -Wno-four-char-constants -Wno-unknown-pragmas";
			};
			dependencies = (
				AB2B5D8D08E6AEBB00899067,
				AB2B5D8F08E6AEBB00899067,
			);
			isa = PBXAggregateTarget;
			name = All;
			productName = All;
		};
		AB2B5D8C08E6AEBB00899067 = {
			containerPortal = AB2B5C4E08E695A800899067;
			isa = PBXContainerItemProxy;
			proxyType = 1;
			remoteGlobalIDString = AB2B5C5F08E695EA00899067;
			remoteInfo = editor;
		};
		AB2B5D8D08E6AEBB00899067 = {
			isa = PBXTargetDependency;
			target = AB2B5C5F08E695EA00899067;
			targetProxy = AB2B5D8C08E6AEBB00899067;
		};
		AB2B5D8E08E6AEBB00899067 = {
			containerPortal = AB2B5C4E08E695A800899067;
			isa = PBXContainerItemProxy;
			proxyType = 1;
			remoteGlobalIDString = AB2B5D8708E6AE1D00899067;
			remoteInfo = game;
		};
		AB2B5D8F08E6AEBB00899067 = {
			isa = PBXTargetDependency;
			target = AB2B5D8708E6AE1D00899067;
			targetProxy = AB2B5D8E08E6AEBB00899067;
		};
		AB2B5D9108E6AED800899067 = {
			fileRef = AB2B5C9C08E6980700899067;
			isa = PBXBuildFile;
			settings = {
			};
		};
		AB2B5D9208E6AF9300899067 = {
			fileEncoding = 30;
			isa = PBXFileReference;
			lastKnownFileType = sourcecode.c.c;
			name = actor.c;
			path = ../source/actor.c;
			refType = 2;
			sourceTree = SOURCE_ROOT;
		};
		AB2B5D9308E6AF9300899067 = {
			fileEncoding = 30;
			isa = PBXFileReference;
			lastKnownFileType = sourcecode.c.c;
			name = ai.c;
			path = ../source/ai.c;
			refType = 2;
			sourceTree = SOURCE_ROOT;
		};
		AB2B5D9408E6AF9300899067 = {
			fileEncoding = 30;
			isa = PBXFileReference;
			lastKnownFileType = sourcecode.c.c;
			name = anim.c;
			path = ../source/anim.c;
			refType = 2;
			sourceTree = SOURCE_ROOT;
		};
		AB2B5D9508E6AF9300899067 = {
			fileEncoding = 30;
			isa = PBXFileReference;
			lastKnownFileType = sourcecode.c.c;
			name = border.c;
			path = ../source/border.c;
			refType = 2;
			sourceTree = SOURCE_ROOT;
		};
		AB2B5D9608E6AF9300899067 = {
			fileEncoding = 30;
			isa = PBXFileReference;
			lastKnownFileType = sourcecode.c.c;
			name = break.c;
			path = ../source/break.c;
			refType = 2;
			sourceTree = SOURCE_ROOT;
		};
		AB2B5D9708E6AF9300899067 = {
			fileEncoding = 30;
			isa = PBXFileReference;
			lastKnownFileType = sourcecode.c.c;
			name = bunny.c;
			path = ../source/bunny.c;
			refType = 2;
			sourceTree = SOURCE_ROOT;
		};
		AB2B5D9808E6AF9300899067 = {
			fileEncoding = 30;
			isa = PBXFileReference;
			lastKnownFileType = sourcecode.c.c;
			name = cache.c;
			path = ../source/cache.c;
			refType = 2;
			sourceTree = SOURCE_ROOT;
		};
		AB2B5D9908E6AF9300899067 = {
			fileEncoding = 30;
			isa = PBXFileReference;
			lastKnownFileType = sourcecode.c.c;
			name = cd.c;
			path = ../source/cd.c;
			refType = 2;
			sourceTree = SOURCE_ROOT;
		};
		AB2B5D9A08E6AF9300899067 = {
			fileEncoding = 30;
			isa = PBXFileReference;
			lastKnownFileType = sourcecode.c.c;
			name = cheats.c;
			path = ../source/cheats.c;
			refType = 2;
			sourceTree = SOURCE_ROOT;
		};
		AB2B5D9B08E6AF9300899067 = {
			fileEncoding = 30;
			isa = PBXFileReference;
			lastKnownFileType = sourcecode.c.c;
			name = config.c;
			path = ../source/config.c;
			refType = 2;
			sourceTree = SOURCE_ROOT;
		};
		AB2B5D9C08E6AF9300899067 = {
			fileEncoding = 30;
			isa = PBXFileReference;
			lastKnownFileType = sourcecode.c.c;
			name = console.c;
			path = ../source/console.c;
			refType = 2;
			sourceTree = SOURCE_ROOT;
		};
		AB2B5D9D08E6AF9300899067 = {
			fileEncoding = 30;
			isa = PBXFileReference;
			lastKnownFileType = sourcecode.c.c;
			name = coolg.c;
			path = ../source/coolg.c;
			refType = 2;
			sourceTree = SOURCE_ROOT;
		};
		AB2B5D9E08E6AF9300899067 = {
			fileEncoding = 30;
			isa = PBXFileReference;
			lastKnownFileType = sourcecode.c.c;
			name = coolie.c;
			path = ../source/coolie.c;
			refType = 2;
			sourceTree = SOURCE_ROOT;
		};
		AB2B5D9F08E6AF9300899067 = {
			fileEncoding = 30;
			isa = PBXFileReference;
			lastKnownFileType = sourcecode.c.c;
			name = copysect.c;
			path = ../source/copysect.c;
			refType = 2;
			sourceTree = SOURCE_ROOT;
		};
		AB2B5DA008E6AF9300899067 = {
			fileEncoding = 30;
			isa = PBXFileReference;
			lastKnownFileType = sourcecode.c.c;
			name = demo.c;
			path = ../source/demo.c;
			refType = 2;
			sourceTree = SOURCE_ROOT;
		};
		AB2B5DA108E6AF9300899067 = {
			fileEncoding = 30;
			isa = PBXFileReference;
			lastKnownFileType = sourcecode.c.c;
			name = draw.c;
			path = ../source/draw.c;
			refType = 2;
			sourceTree = SOURCE_ROOT;
		};
		AB2B5DA208E6AF9300899067 = {
			fileEncoding = 30;
			isa = PBXFileReference;
			lastKnownFileType = sourcecode.c.c;
			name = eel.c;
			path = ../source/eel.c;
			refType = 2;
			sourceTree = SOURCE_ROOT;
		};
		AB2B5DA308E6AF9300899067 = {
			fileEncoding = 30;
			isa = PBXFileReference;
			lastKnownFileType = sourcecode.c.c;
			name = game.c;
			path = ../source/game.c;
			refType = 2;
			sourceTree = SOURCE_ROOT;
		};
		AB2B5DA408E6AF9300899067 = {
			fileEncoding = 30;
			isa = PBXFileReference;
			lastKnownFileType = sourcecode.c.c;
			name = girlninj.c;
			path = ../source/girlninj.c;
			refType = 2;
			sourceTree = SOURCE_ROOT;
		};
		AB2B5DA508E6AF9300899067 = {
			fileEncoding = 30;
			isa = PBXFileReference;
			lastKnownFileType = sourcecode.c.c;
			name = goro.c;
			path = ../source/goro.c;
			refType = 2;
			sourceTree = SOURCE_ROOT;
		};
		AB2B5DA608E6AF9300899067 = {
			fileEncoding = 30;
			isa = PBXFileReference;
			lastKnownFileType = sourcecode.c.c;
			name = hornet.c;
			path = ../source/hornet.c;
			refType = 2;
			sourceTree = SOURCE_ROOT;
		};
		AB2B5DA708E6AF9300899067 = {
			fileEncoding = 30;
			isa = PBXFileReference;
			lastKnownFileType = sourcecode.c.c;
			name = interp.c;
			path = ../source/interp.c;
			refType = 2;
			sourceTree = SOURCE_ROOT;
		};
		AB2B5DA808E6AF9300899067 = {
			fileEncoding = 30;
			isa = PBXFileReference;
			lastKnownFileType = sourcecode.c.c;
			name = interpsh.c;
			path = ../source/interpsh.c;
			refType = 2;
			sourceTree = SOURCE_ROOT;
		};
		AB2B5DA908E6AF9300899067 = {
			fileEncoding = 30;
			isa = PBXFileReference;
			lastKnownFileType = sourcecode.c.c;
			name = inv.c;
			path = ../source/inv.c;
			refType = 2;
			sourceTree = SOURCE_ROOT;
		};
		AB2B5DAA08E6AF9300899067 = {
			fileEncoding = 30;
			isa = PBXFileReference;
			lastKnownFileType = sourcecode.c.c;
			name = jplayer.c;
			path = ../source/jplayer.c;
			refType = 2;
			sourceTree = SOURCE_ROOT;
		};
		AB2B5DAB08E6AF9300899067 = {
			fileEncoding = 30;
			isa = PBXFileReference;
			lastKnownFileType = sourcecode.c.c;
			name = jsector.c;
			path = ../source/jsector.c;
			refType = 2;
			sourceTree = SOURCE_ROOT;
		};
		AB2B5DAC08E6AF9300899067 = {
			fileEncoding = 30;
			isa = PBXFileReference;
			lastKnownFileType = sourcecode.c.c;
			name = jweapon.c;
			path = ../source/jweapon.c;
			refType = 2;
			sourceTree = SOURCE_ROOT;
		};
		AB2B5DAD08E6AF9300899067 = {
			fileEncoding = 30;
			isa = PBXFileReference;
			lastKnownFileType = sourcecode.c.c;
			name = lava.c;
			path = ../source/lava.c;
			refType = 2;
			sourceTree = SOURCE_ROOT;
		};
		AB2B5DAE08E6AF9300899067 = {
			fileEncoding = 30;
			isa = PBXFileReference;
			lastKnownFileType = sourcecode.c.c;
			name = light.c;
			path = ../source/light.c;
			refType = 2;
			sourceTree = SOURCE_ROOT;
		};
		AB2B5DAF08E6AF9300899067 = {
			fileEncoding = 30;
			isa = PBXFileReference;
			lastKnownFileType = sourcecode.c.c;
			name = mclip.c;
			path = ../source/mclip.c;
			refType = 2;
			sourceTree = SOURCE_ROOT;
		};
		AB2B5DB008E6AF9300899067 = {
			fileEncoding = 30;
			isa = PBXFileReference;
			lastKnownFileType = sourcecode.c.c;
			name = mdastr.c;
			path = ../source/mdastr.c;
			refType = 2;
			sourceTree = SOURCE_ROOT;
		};
		AB2B5DB108E6AF9300899067 = {
			fileEncoding = 30;
			isa = PBXFileReference;
			lastKnownFileType = sourcecode.c.c;
			name = menus.c;
			path = ../source/menus.c;
			refType = 2;
			sourceTree = SOURCE_ROOT;
		};
		AB2B5DB208E6AF9300899067 = {
			fileEncoding = 30;
			isa = PBXFileReference;
			lastKnownFileType = sourcecode.c.c;
			name = miscactr.c;
			path = ../source/miscactr.c;
			refType = 2;
			sourceTree = SOURCE_ROOT;
		};
		AB2B5DB308E6AF9300899067 = {
			fileEncoding = 30;
			isa = PBXFileReference;
			lastKnownFileType = sourcecode.c.c;
			name = morph.c;
			path = ../source/morph.c;
			refType = 2;
			sourceTree = SOURCE_ROOT;
		};
		AB2B5DB408E6AF9300899067 = {
			fileEncoding = 30;
			isa = PBXFileReference;
			lastKnownFileType = sourcecode.c.c;
			name = net.c;
			path = ../source/net.c;
			refType = 2;
			sourceTree = SOURCE_ROOT;
		};
		AB2B5DB508E6AF9300899067 = {
			fileEncoding = 30;
			isa = PBXFileReference;
			lastKnownFileType = sourcecode.c.c;
			name = ninja.c;
			path = ../source/ninja.c;
			refType = 2;
			sourceTree = SOURCE_ROOT;
		};
		AB2B5DB608E6AF9300899067 = {
			fileEncoding = 30;
			isa = PBXFileReference;
			lastKnownFileType = sourcecode.c.c;
			name = panel.c;
			path = ../source/panel.c;
			refType = 2;
			sourceTree = SOURCE_ROOT;
		};
		AB2B5DB708E6AF9300899067 = {
			fileEncoding = 30;
			isa = PBXFileReference;
			lastKnownFileType = sourcecode.c.c;
			name = player.c;
			path = ../source/player.c;
			refType = 2;
			sourceTree = SOURCE_ROOT;
		};
		AB2B5DB808E6AF9300899067 = {
			fileEncoding = 30;
			isa = PBXFileReference;
			lastKnownFileType = sourcecode.c.c;
			name = predict.c;
			path = ../source/predict.c;
			refType = 2;
			sourceTree = SOURCE_ROOT;
		};
		AB2B5DB908E6AF9300899067 = {
			fileEncoding = 30;
			isa = PBXFileReference;
			lastKnownFileType = sourcecode.c.c;
			name = quake.c;
			path = ../source/quake.c;
			refType = 2;
			sourceTree = SOURCE_ROOT;
		};
		AB2B5DBA08E6AF9300899067 = {
			fileEncoding = 30;
			isa = PBXFileReference;
			lastKnownFileType = sourcecode.c.c;
			name = ripper.c;
			path = ../source/ripper.c;
			refType = 2;
			sourceTree = SOURCE_ROOT;
		};
		AB2B5DBB08E6AF9300899067 = {
			fileEncoding = 30;
			isa = PBXFileReference;
			lastKnownFileType = sourcecode.c.c;
			name = ripper2.c;
			path = ../source/ripper2.c;
			refType = 2;
			sourceTree = SOURCE_ROOT;
		};
		AB2B5DBC08E6AF9300899067 = {
			fileEncoding = 30;
			isa = PBXFileReference;
			lastKnownFileType = sourcecode.c.c;
			name = rooms.c;
			path = ../source/rooms.c;
			refType = 2;
			sourceTree = SOURCE_ROOT;
		};
		AB2B5DBD08E6AF9300899067 = {
			fileEncoding = 30;
			isa = PBXFileReference;
			lastKnownFileType = sourcecode.c.c;
			name = rotator.c;
			path = ../source/rotator.c;
			refType = 2;
			sourceTree = SOURCE_ROOT;
		};
		AB2B5DBE08E6AF9300899067 = {
			fileEncoding = 30;
			isa = PBXFileReference;
			lastKnownFileType = sourcecode.c.c;
			name = rts.c;
			path = ../source/rts.c;
			refType = 2;
			sourceTree = SOURCE_ROOT;
		};
		AB2B5DBF08E6AF9300899067 = {
			fileEncoding = 30;
			isa = PBXFileReference;
			lastKnownFileType = sourcecode.c.c;
			name = save.c;
			path = ../source/save.c;
			refType = 2;
			sourceTree = SOURCE_ROOT;
		};
		AB2B5DC008E6AF9300899067 = {
			fileEncoding = 30;
			isa = PBXFileReference;
			lastKnownFileType = sourcecode.c.c;
			name = saveable.c;
			path = ../source/saveable.c;
			refType = 2;
			sourceTree = SOURCE_ROOT;
		};
		AB2B5DC108E6AF9300899067 = {
			fileEncoding = 30;
			isa = PBXFileReference;
			lastKnownFileType = sourcecode.c.c;
			name = scrip2.c;
			path = ../source/scrip2.c;
			refType = 2;
			sourceTree = SOURCE_ROOT;
		};
		AB2B5DC208E6AF9300899067 = {
			fileEncoding = 30;
			isa = PBXFileReference;
			lastKnownFileType = sourcecode.c.c;
			name = sector.c;
			path = ../source/sector.c;
			refType = 2;
			sourceTree = SOURCE_ROOT;
		};
		AB2B5DC308E6AF9300899067 = {
			fileEncoding = 30;
			isa = PBXFileReference;
			lastKnownFileType = sourcecode.c.c;
			name = serp.c;
			path = ../source/serp.c;
			refType = 2;
			sourceTree = SOURCE_ROOT;
		};
		AB2B5DC408E6AF9300899067 = {
			fileEncoding = 30;
			isa = PBXFileReference;
			lastKnownFileType = sourcecode.c.c;
			name = setup.c;
			path = ../source/setup.c;
			refType = 2;
			sourceTree = SOURCE_ROOT;
		};
		AB2B5DC508E6AF9300899067 = {
			fileEncoding = 30;
			isa = PBXFileReference;
			lastKnownFileType = sourcecode.c.c;
			name = skel.c;
			path = ../source/skel.c;
			refType = 2;
			sourceTree = SOURCE_ROOT;
		};
		AB2B5DC608E6AF9300899067 = {
			fileEncoding = 30;
			isa = PBXFileReference;
			lastKnownFileType = sourcecode.c.c;
			name = skull.c;
			path = ../source/skull.c;
			refType = 2;
			sourceTree = SOURCE_ROOT;
		};
		AB2B5DC708E6AF9300899067 = {
			fileEncoding = 30;
			isa = PBXFileReference;
			lastKnownFileType = sourcecode.c.c;
			name = slidor.c;
			path = ../source/slidor.c;
			refType = 2;
			sourceTree = SOURCE_ROOT;
		};
		AB2B5DC808E6AF9300899067 = {
			fileEncoding = 30;
			isa = PBXFileReference;
			lastKnownFileType = sourcecode.c.c;
			name = sounds.c;
			path = ../source/sounds.c;
			refType = 2;
			sourceTree = SOURCE_ROOT;
		};
		AB2B5DC908E6AF9300899067 = {
			fileEncoding = 30;
			isa = PBXFileReference;
			lastKnownFileType = sourcecode.c.c;
			name = spike.c;
			path = ../source/spike.c;
			refType = 2;
			sourceTree = SOURCE_ROOT;
		};
		AB2B5DCA08E6AF9300899067 = {
			fileEncoding = 30;
			isa = PBXFileReference;
			lastKnownFileType = sourcecode.c.c;
			name = sprite.c;
			path = ../source/sprite.c;
			refType = 2;
			sourceTree = SOURCE_ROOT;
		};
		AB2B5DCB08E6AF9300899067 = {
			fileEncoding = 30;
			isa = PBXFileReference;
			lastKnownFileType = sourcecode.c.c;
			name = sumo.c;
			path = ../source/sumo.c;
			refType = 2;
			sourceTree = SOURCE_ROOT;
		};
		AB2B5DCC08E6AF9300899067 = {
			fileEncoding = 30;
			isa = PBXFileReference;
			lastKnownFileType = sourcecode.c.c;
			name = swconfig.c;
			path = ../source/swconfig.c;
			refType = 2;
			sourceTree = SOURCE_ROOT;
		};
		AB2B5DCD08E6AF9300899067 = {
			fileEncoding = 30;
			isa = PBXFileReference;
			lastKnownFileType = sourcecode.c.c;
			name = sync.c;
			path = ../source/sync.c;
			refType = 2;
			sourceTree = SOURCE_ROOT;
		};
		AB2B5DCE08E6AF9300899067 = {
			fileEncoding = 30;
			isa = PBXFileReference;
			lastKnownFileType = sourcecode.c.c;
			name = text.c;
			path = ../source/text.c;
			refType = 2;
			sourceTree = SOURCE_ROOT;
		};
		AB2B5DCF08E6AF9300899067 = {
			fileEncoding = 30;
			isa = PBXFileReference;
			lastKnownFileType = sourcecode.c.c;
			name = track.c;
			path = ../source/track.c;
			refType = 2;
			sourceTree = SOURCE_ROOT;
		};
		AB2B5DD008E6AF9300899067 = {
			fileEncoding = 30;
			isa = PBXFileReference;
			lastKnownFileType = sourcecode.c.c;
			name = usrhooks.c;
			path = ../source/usrhooks.c;
			refType = 2;
			sourceTree = SOURCE_ROOT;
		};
		AB2B5DD108E6AF9300899067 = {
			fileEncoding = 30;
			isa = PBXFileReference;
			lastKnownFileType = sourcecode.c.c;
			name = vator.c;
			path = ../source/vator.c;
			refType = 2;
			sourceTree = SOURCE_ROOT;
		};
		AB2B5DD208E6AF9300899067 = {
			fileEncoding = 30;
			isa = PBXFileReference;
			lastKnownFileType = sourcecode.c.c;
			name = vis.c;
			path = ../source/vis.c;
			refType = 2;
			sourceTree = SOURCE_ROOT;
		};
		AB2B5DD308E6AF9300899067 = {
			fileEncoding = 30;
			isa = PBXFileReference;
			lastKnownFileType = sourcecode.c.c;
			name = wallmove.c;
			path = ../source/wallmove.c;
			refType = 2;
			sourceTree = SOURCE_ROOT;
		};
		AB2B5DD408E6AF9300899067 = {
			fileEncoding = 30;
			isa = PBXFileReference;
			lastKnownFileType = sourcecode.c.c;
			name = warp.c;
			path = ../source/warp.c;
			refType = 2;
			sourceTree = SOURCE_ROOT;
		};
		AB2B5DD508E6AF9300899067 = {
			fileEncoding = 30;
			isa = PBXFileReference;
			lastKnownFileType = sourcecode.c.c;
			name = weapon.c;
			path = ../source/weapon.c;
			refType = 2;
			sourceTree = SOURCE_ROOT;
		};
		AB2B5DD608E6AF9300899067 = {
			fileEncoding = 30;
			isa = PBXFileReference;
			lastKnownFileType = sourcecode.c.c;
			name = zilla.c;
			path = ../source/zilla.c;
			refType = 2;
			sourceTree = SOURCE_ROOT;
		};
		AB2B5DD708E6AF9300899067 = {
			fileEncoding = 30;
			isa = PBXFileReference;
			lastKnownFileType = sourcecode.c.c;
			name = zombie.c;
			path = ../source/zombie.c;
			refType = 2;
			sourceTree = SOURCE_ROOT;
		};
		AB2B5DD808E6AF9300899067 = {
			fileRef = AB2B5D9208E6AF9300899067;
			isa = PBXBuildFile;
			settings = {
			};
		};
		AB2B5DD908E6AF9300899067 = {
			fileRef = AB2B5D9308E6AF9300899067;
			isa = PBXBuildFile;
			settings = {
			};
		};
		AB2B5DDA08E6AF9300899067 = {
			fileRef = AB2B5D9408E6AF9300899067;
			isa = PBXBuildFile;
			settings = {
			};
		};
		AB2B5DDB08E6AF9300899067 = {
			fileRef = AB2B5D9508E6AF9300899067;
			isa = PBXBuildFile;
			settings = {
			};
		};
		AB2B5DDC08E6AF9300899067 = {
			fileRef = AB2B5D9608E6AF9300899067;
			isa = PBXBuildFile;
			settings = {
			};
		};
		AB2B5DDD08E6AF9300899067 = {
			fileRef = AB2B5D9708E6AF9300899067;
			isa = PBXBuildFile;
			settings = {
			};
		};
		AB2B5DDE08E6AF9300899067 = {
			fileRef = AB2B5D9808E6AF9300899067;
			isa = PBXBuildFile;
			settings = {
			};
		};
		AB2B5DDF08E6AF9300899067 = {
			fileRef = AB2B5D9908E6AF9300899067;
			isa = PBXBuildFile;
			settings = {
			};
		};
		AB2B5DE008E6AF9300899067 = {
			fileRef = AB2B5D9A08E6AF9300899067;
			isa = PBXBuildFile;
			settings = {
			};
		};
		AB2B5DE108E6AF9300899067 = {
			fileRef = AB2B5D9B08E6AF9300899067;
			isa = PBXBuildFile;
			settings = {
			};
		};
		AB2B5DE208E6AF9300899067 = {
			fileRef = AB2B5D9C08E6AF9300899067;
			isa = PBXBuildFile;
			settings = {
			};
		};
		AB2B5DE308E6AF9300899067 = {
			fileRef = AB2B5D9D08E6AF9300899067;
			isa = PBXBuildFile;
			settings = {
			};
		};
		AB2B5DE408E6AF9300899067 = {
			fileRef = AB2B5D9E08E6AF9300899067;
			isa = PBXBuildFile;
			settings = {
			};
		};
		AB2B5DE508E6AF9300899067 = {
			fileRef = AB2B5D9F08E6AF9300899067;
			isa = PBXBuildFile;
			settings = {
			};
		};
		AB2B5DE608E6AF9300899067 = {
			fileRef = AB2B5DA008E6AF9300899067;
			isa = PBXBuildFile;
			settings = {
			};
		};
		AB2B5DE708E6AF9300899067 = {
			fileRef = AB2B5DA108E6AF9300899067;
			isa = PBXBuildFile;
			settings = {
			};
		};
		AB2B5DE808E6AF9300899067 = {
			fileRef = AB2B5DA208E6AF9300899067;
			isa = PBXBuildFile;
			settings = {
			};
		};
		AB2B5DE908E6AF9300899067 = {
			fileRef = AB2B5DA308E6AF9300899067;
			isa = PBXBuildFile;
			settings = {
			};
		};
		AB2B5DEA08E6AF9300899067 = {
			fileRef = AB2B5DA408E6AF9300899067;
			isa = PBXBuildFile;
			settings = {
			};
		};
		AB2B5DEB08E6AF9300899067 = {
			fileRef = AB2B5DA508E6AF9300899067;
			isa = PBXBuildFile;
			settings = {
			};
		};
		AB2B5DEC08E6AF9300899067 = {
			fileRef = AB2B5DA608E6AF9300899067;
			isa = PBXBuildFile;
			settings = {
			};
		};
		AB2B5DED08E6AF9300899067 = {
			fileRef = AB2B5DA708E6AF9300899067;
			isa = PBXBuildFile;
			settings = {
			};
		};
		AB2B5DEE08E6AF9300899067 = {
			fileRef = AB2B5DA808E6AF9300899067;
			isa = PBXBuildFile;
			settings = {
			};
		};
		AB2B5DEF08E6AF9300899067 = {
			fileRef = AB2B5DA908E6AF9300899067;
			isa = PBXBuildFile;
			settings = {
			};
		};
		AB2B5DF008E6AF9300899067 = {
			fileRef = AB2B5DAA08E6AF9300899067;
			isa = PBXBuildFile;
			settings = {
			};
		};
		AB2B5DF108E6AF9300899067 = {
			fileRef = AB2B5DAB08E6AF9300899067;
			isa = PBXBuildFile;
			settings = {
			};
		};
		AB2B5DF208E6AF9300899067 = {
			fileRef = AB2B5DAC08E6AF9300899067;
			isa = PBXBuildFile;
			settings = {
			};
		};
		AB2B5DF308E6AF9300899067 = {
			fileRef = AB2B5DAD08E6AF9300899067;
			isa = PBXBuildFile;
			settings = {
			};
		};
		AB2B5DF408E6AF9300899067 = {
			fileRef = AB2B5DAE08E6AF9300899067;
			isa = PBXBuildFile;
			settings = {
			};
		};
		AB2B5DF508E6AF9300899067 = {
			fileRef = AB2B5DAF08E6AF9300899067;
			isa = PBXBuildFile;
			settings = {
			};
		};
		AB2B5DF608E6AF9300899067 = {
			fileRef = AB2B5DB008E6AF9300899067;
			isa = PBXBuildFile;
			settings = {
			};
		};
		AB2B5DF708E6AF9300899067 = {
			fileRef = AB2B5DB108E6AF9300899067;
			isa = PBXBuildFile;
			settings = {
			};
		};
		AB2B5DF808E6AF9300899067 = {
			fileRef = AB2B5DB208E6AF9300899067;
			isa = PBXBuildFile;
			settings = {
			};
		};
		AB2B5DF908E6AF9300899067 = {
			fileRef = AB2B5DB308E6AF9300899067;
			isa = PBXBuildFile;
			settings = {
			};
		};
		AB2B5DFA08E6AF9300899067 = {
			fileRef = AB2B5DB408E6AF9300899067;
			isa = PBXBuildFile;
			settings = {
			};
		};
		AB2B5DFB08E6AF9300899067 = {
			fileRef = AB2B5DB508E6AF9300899067;
			isa = PBXBuildFile;
			settings = {
			};
		};
		AB2B5DFC08E6AF9300899067 = {
			fileRef = AB2B5DB608E6AF9300899067;
			isa = PBXBuildFile;
			settings = {
			};
		};
		AB2B5DFD08E6AF9300899067 = {
			fileRef = AB2B5DB708E6AF9300899067;
			isa = PBXBuildFile;
			settings = {
			};
		};
		AB2B5DFE08E6AF9300899067 = {
			fileRef = AB2B5DB808E6AF9300899067;
			isa = PBXBuildFile;
			settings = {
			};
		};
		AB2B5DFF08E6AF9300899067 = {
			fileRef = AB2B5DB908E6AF9300899067;
			isa = PBXBuildFile;
			settings = {
			};
		};
		AB2B5E0008E6AF9300899067 = {
			fileRef = AB2B5DBA08E6AF9300899067;
			isa = PBXBuildFile;
			settings = {
			};
		};
		AB2B5E0108E6AF9300899067 = {
			fileRef = AB2B5DBB08E6AF9300899067;
			isa = PBXBuildFile;
			settings = {
			};
		};
		AB2B5E0208E6AF9300899067 = {
			fileRef = AB2B5DBC08E6AF9300899067;
			isa = PBXBuildFile;
			settings = {
			};
		};
		AB2B5E0308E6AF9300899067 = {
			fileRef = AB2B5DBD08E6AF9300899067;
			isa = PBXBuildFile;
			settings = {
			};
		};
		AB2B5E0408E6AF9300899067 = {
			fileRef = AB2B5DBE08E6AF9300899067;
			isa = PBXBuildFile;
			settings = {
			};
		};
		AB2B5E0508E6AF9300899067 = {
			fileRef = AB2B5DBF08E6AF9300899067;
			isa = PBXBuildFile;
			settings = {
			};
		};
		AB2B5E0608E6AF9300899067 = {
			fileRef = AB2B5DC008E6AF9300899067;
			isa = PBXBuildFile;
			settings = {
			};
		};
		AB2B5E0708E6AF9300899067 = {
			fileRef = AB2B5DC108E6AF9300899067;
			isa = PBXBuildFile;
			settings = {
			};
		};
		AB2B5E0808E6AF9300899067 = {
			fileRef = AB2B5DC208E6AF9300899067;
			isa = PBXBuildFile;
			settings = {
			};
		};
		AB2B5E0908E6AF9300899067 = {
			fileRef = AB2B5DC308E6AF9300899067;
			isa = PBXBuildFile;
			settings = {
			};
		};
		AB2B5E0A08E6AF9300899067 = {
			fileRef = AB2B5DC408E6AF9300899067;
			isa = PBXBuildFile;
			settings = {
			};
		};
		AB2B5E0B08E6AF9300899067 = {
			fileRef = AB2B5DC508E6AF9300899067;
			isa = PBXBuildFile;
			settings = {
			};
		};
		AB2B5E0C08E6AF9300899067 = {
			fileRef = AB2B5DC608E6AF9300899067;
			isa = PBXBuildFile;
			settings = {
			};
		};
		AB2B5E0D08E6AF9300899067 = {
			fileRef = AB2B5DC708E6AF9300899067;
			isa = PBXBuildFile;
			settings = {
			};
		};
		AB2B5E0E08E6AF9300899067 = {
			fileRef = AB2B5DC808E6AF9300899067;
			isa = PBXBuildFile;
			settings = {
			};
		};
		AB2B5E0F08E6AF9300899067 = {
			fileRef = AB2B5DC908E6AF9300899067;
			isa = PBXBuildFile;
			settings = {
			};
		};
		AB2B5E1008E6AF9300899067 = {
			fileRef = AB2B5DCA08E6AF9300899067;
			isa = PBXBuildFile;
			settings = {
			};
		};
		AB2B5E1108E6AF9300899067 = {
			fileRef = AB2B5DCB08E6AF9300899067;
			isa = PBXBuildFile;
			settings = {
			};
		};
		AB2B5E1208E6AF9300899067 = {
			fileRef = AB2B5DCC08E6AF9300899067;
			isa = PBXBuildFile;
			settings = {
			};
		};
		AB2B5E1308E6AF9300899067 = {
			fileRef = AB2B5DCD08E6AF9300899067;
			isa = PBXBuildFile;
			settings = {
			};
		};
		AB2B5E1408E6AF9300899067 = {
			fileRef = AB2B5DCE08E6AF9300899067;
			isa = PBXBuildFile;
			settings = {
			};
		};
		AB2B5E1508E6AF9300899067 = {
			fileRef = AB2B5DCF08E6AF9300899067;
			isa = PBXBuildFile;
			settings = {
			};
		};
		AB2B5E1608E6AF9300899067 = {
			fileRef = AB2B5DD008E6AF9300899067;
			isa = PBXBuildFile;
			settings = {
			};
		};
		AB2B5E1708E6AF9300899067 = {
			fileRef = AB2B5DD108E6AF9300899067;
			isa = PBXBuildFile;
			settings = {
			};
		};
		AB2B5E1808E6AF9300899067 = {
			fileRef = AB2B5DD208E6AF9300899067;
			isa = PBXBuildFile;
			settings = {
			};
		};
		AB2B5E1908E6AF9300899067 = {
			fileRef = AB2B5DD308E6AF9300899067;
			isa = PBXBuildFile;
			settings = {
			};
		};
		AB2B5E1A08E6AF9300899067 = {
			fileRef = AB2B5DD408E6AF9300899067;
			isa = PBXBuildFile;
			settings = {
			};
		};
		AB2B5E1B08E6AF9300899067 = {
			fileRef = AB2B5DD508E6AF9300899067;
			isa = PBXBuildFile;
			settings = {
			};
		};
		AB2B5E1C08E6AF9300899067 = {
			fileRef = AB2B5DD608E6AF9300899067;
			isa = PBXBuildFile;
			settings = {
			};
		};
		AB2B5E1D08E6AF9300899067 = {
			fileRef = AB2B5DD708E6AF9300899067;
			isa = PBXBuildFile;
			settings = {
			};
		};
		AB2B5E1E08E6AFB000899067 = {
			children = (
				AB2B5E2008E6B00400899067,
				AB2B5E2108E6B00400899067,
				AB2B5E2208E6B00400899067,
				AB2B5E2308E6B00400899067,
				AB2B5E2408E6B00400899067,
				AB2B5E2508E6B00400899067,
				AB2B5E2608E6B00400899067,
				AB2B5E2708E6B00400899067,
			);
			isa = PBXGroup;
			name = jmact;
			refType = 4;
			sourceTree = "<group>";
		};
		AB2B5E1F08E6AFC700899067 = {
			fileRef = AB2B5CA808E6989300899067;
			isa = PBXBuildFile;
			settings = {
			};
		};
		AB2B5E2008E6B00400899067 = {
			fileEncoding = 30;
			isa = PBXFileReference;
			lastKnownFileType = sourcecode.c.c;
			name = animlib.c;
			path = ../source/jmact/animlib.c;
			refType = 2;
			sourceTree = SOURCE_ROOT;
		};
		AB2B5E2108E6B00400899067 = {
			fileEncoding = 30;
			isa = PBXFileReference;
			lastKnownFileType = sourcecode.c.c;
			name = control.c;
			path = ../source/jmact/control.c;
			refType = 2;
			sourceTree = SOURCE_ROOT;
		};
		AB2B5E2208E6B00400899067 = {
			fileEncoding = 30;
			isa = PBXFileReference;
			lastKnownFileType = sourcecode.c.c;
			name = file_lib.c;
			path = ../source/jmact/file_lib.c;
			refType = 2;
			sourceTree = SOURCE_ROOT;
		};
		AB2B5E2308E6B00400899067 = {
			fileEncoding = 30;
			isa = PBXFileReference;
			lastKnownFileType = sourcecode.c.c;
			name = keyboard.c;
			path = ../source/jmact/keyboard.c;
			refType = 2;
			sourceTree = SOURCE_ROOT;
		};
		AB2B5E2408E6B00400899067 = {
			fileEncoding = 30;
			isa = PBXFileReference;
			lastKnownFileType = sourcecode.c.c;
			name = mathutil.c;
			path = ../source/jmact/mathutil.c;
			refType = 2;
			sourceTree = SOURCE_ROOT;
		};
		AB2B5E2508E6B00400899067 = {
			fileEncoding = 30;
			isa = PBXFileReference;
			lastKnownFileType = sourcecode.c.c;
			name = mouse.c;
			path = ../source/jmact/mouse.c;
			refType = 2;
			sourceTree = SOURCE_ROOT;
		};
		AB2B5E2608E6B00400899067 = {
			fileEncoding = 30;
			isa = PBXFileReference;
			lastKnownFileType = sourcecode.c.c;
			name = scriplib.c;
			path = ../source/jmact/scriplib.c;
			refType = 2;
			sourceTree = SOURCE_ROOT;
		};
		AB2B5E2708E6B00400899067 = {
			fileEncoding = 30;
			isa = PBXFileReference;
			lastKnownFileType = sourcecode.c.c;
			name = util_lib.c;
			path = ../source/jmact/util_lib.c;
			refType = 2;
			sourceTree = SOURCE_ROOT;
		};
		AB2B5E2808E6B00400899067 = {
			fileRef = AB2B5E2008E6B00400899067;
			isa = PBXBuildFile;
			settings = {
			};
		};
		AB2B5E2908E6B00400899067 = {
			fileRef = AB2B5E2108E6B00400899067;
			isa = PBXBuildFile;
			settings = {
			};
		};
		AB2B5E2A08E6B00400899067 = {
			fileRef = AB2B5E2208E6B00400899067;
			isa = PBXBuildFile;
			settings = {
			};
		};
		AB2B5E2B08E6B00400899067 = {
			fileRef = AB2B5E2308E6B00400899067;
			isa = PBXBuildFile;
			settings = {
			};
		};
		AB2B5E2C08E6B00400899067 = {
			fileRef = AB2B5E2408E6B00400899067;
			isa = PBXBuildFile;
			settings = {
			};
		};
		AB2B5E2D08E6B00400899067 = {
			fileRef = AB2B5E2508E6B00400899067;
			isa = PBXBuildFile;
			settings = {
			};
		};
		AB2B5E2E08E6B00400899067 = {
			fileRef = AB2B5E2608E6B00400899067;
			isa = PBXBuildFile;
			settings = {
			};
		};
		AB2B5E2F08E6B00400899067 = {
			fileRef = AB2B5E2708E6B00400899067;
			isa = PBXBuildFile;
			settings = {
			};
		};
		AB2B5E3008E6B01600899067 = {
			children = (
				AB2B5E3108E6B03400899067,
				AB2B5E3208E6B03400899067,
			);
			isa = PBXGroup;
			name = jaudiolib;
			refType = 4;
			sourceTree = "<group>";
		};
		AB2B5E3108E6B03400899067 = {
			fileEncoding = 30;
			isa = PBXFileReference;
			lastKnownFileType = sourcecode.c.c;
			name = audiolib_fxstub.c;
			path = ../source/jaudiolib/audiolib_fxstub.c;
			refType = 2;
			sourceTree = SOURCE_ROOT;
		};
		AB2B5E3208E6B03400899067 = {
			fileEncoding = 30;
			isa = PBXFileReference;
			lastKnownFileType = sourcecode.c.c;
			name = audiolib_musicstub.c;
			path = ../source/jaudiolib/audiolib_musicstub.c;
			refType = 2;
			sourceTree = SOURCE_ROOT;
		};
		AB2B5E3308E6B03400899067 = {
			fileRef = AB2B5E3108E6B03400899067;
			isa = PBXBuildFile;
			settings = {
			};
		};
		AB2B5E3408E6B03400899067 = {
			fileRef = AB2B5E3208E6B03400899067;
			isa = PBXBuildFile;
			settings = {
			};
		};
		AB2B5E5708E6B0F800899067 = {
			fileRef = AB2B5CB908E6995400899067;
			isa = PBXBuildFile;
			settings = {
			};
		};
		AB2B5E5808E6B0F800899067 = {
			fileRef = AB2B5CBA08E6995400899067;
			isa = PBXBuildFile;
			settings = {
			};
		};
		AB2B5E5908E6B0F900899067 = {
			fileRef = AB2B5CBB08E6996F00899067;
			isa = PBXBuildFile;
			settings = {
			};
		};
		AB2B5E5A08E6B11000899067 = {
			fileEncoding = 30;
			isa = PBXFileReference;
			lastKnownFileType = sourcecode.c.c;
			name = game_icon.c;
			path = ../rsrc/game_icon.c;
			refType = 2;
			sourceTree = SOURCE_ROOT;
		};
		AB2B5E5B08E6B11000899067 = {
			fileRef = AB2B5E5A08E6B11000899067;
			isa = PBXBuildFile;
			settings = {
			};
		};
		AB2B5E5C08E6B13C00899067 = {
			fileEncoding = 30;
			isa = PBXFileReference;
			lastKnownFileType = sourcecode.c.objc;
			path = game.osxmain.m;
			refType = 2;
			sourceTree = SOURCE_ROOT;
		};
		AB2B5E5D08E6B13C00899067 = {
			fileRef = AB2B5E5C08E6B13C00899067;
			isa = PBXBuildFile;
			settings = {
			};
		};
		AB2B5E5F08E6B16500899067 = {
			fileRef = AB2B5D7708E6A65200899067;
			isa = PBXBuildFile;
			settings = {
			};
		};
		AB8F5E5C0946A65600C29D38 = {
			isa = PBXFileReference;
			lastKnownFileType = image.icns;
			name = game_icon.icns;
			path = ../rsrc/game_icon.icns;
			refType = 2;
			sourceTree = SOURCE_ROOT;
		};
		AB8F5E5D0946A65600C29D38 = {
			fileRef = AB8F5E5C0946A65600C29D38;
			isa = PBXBuildFile;
			settings = {
			};
		};
		ABB47F12093B0E0E005B3150 = {
			buildSettings = {
				COPY_PHASE_STRIP = NO;
				GCC_OPTIMIZATION_LEVEL = 0;
				GENERATE_PROFILING_CODE = YES;
			};
			isa = PBXBuildStyle;
			name = Profiling;
		};
		ABCD472508E6BBC5002DC42F = {
			containerPortal = AB2B5C5408E695C700899067;
			isa = PBXContainerItemProxy;
			proxyType = 1;
			remoteGlobalIDString = AB2B5C7308E6979600899067;
			remoteInfo = enginez;
		};
		ABCD472608E6BBC5002DC42F = {
			isa = PBXTargetDependency;
			name = "enginez (from engine.xcode)";
			targetProxy = ABCD472508E6BBC5002DC42F;
		};
	};
	rootObject = AB2B5C4E08E695A800899067;
}
